Microsoft Visual Studio Solution File, Format Version 12.00
# Visual Studio Version 17
VisualStudioVersion = 17.0.31903.59
MinimumVisualStudioVersion = 10.0.40219.1
Project("{FAE04EC0-301F-11D3-BF4B-00C04F79EFBC}") = "ScreenshotInbox.CoreBridge", "ScreenshotInbox.CoreBridge\ScreenshotInbox.CoreBridge.csproj", "{2B0C631F-517A-4F74-843A-D62527F83E0E}"
EndProject
Project("{FAE04EC0-301F-11D3-BF4B-00C04F79EFBC}") = "ScreenshotInbox.Windows", "ScreenshotInbox.Windows\ScreenshotInbox.Windows.csproj", "{638B5E20-C85F-4C45-BD60-BE40E27D2823}"
EndProject
Project("{FAE04EC0-301F-11D3-BF4B-00C04F79EFBC}") = "ScreenshotInbox.Tests", "ScreenshotInbox.Tests\ScreenshotInbox.Tests.csproj", "{79A2B613-ACB1-406D-9F50-039C6DC527E4}"
EndProject
Global
	GlobalSection(SolutionConfigurationPlatforms) = preSolution
		Debug|Any CPU = Debug|Any CPU
		Release|Any CPU = Release|Any CPU
	EndGlobalSection
	GlobalSection(ProjectConfigurationPlatforms) = postSolution
		{2B0C631F-517A-4F74-843A-D62527F83E0E}.Debug|Any CPU.ActiveCfg = Debug|Any CPU
		{2B0C631F-517A-4F74-843A-D62527F83E0E}.Debug|Any CPU.Build.0 = Debug|Any CPU
		{2B0C631F-517A-4F74-843A-D62527F83E0E}.Release|Any CPU.ActiveCfg = Release|Any CPU
		{2B0C631F-517A-4F74-843A-D62527F83E0E}.Release|Any CPU.Build.0 = Release|Any CPU
		{638B5E20-C85F-4C45-BD60-BE40E27D2823}.Debug|Any CPU.ActiveCfg = Debug|Any CPU
		{638B5E20-C85F-4C45-BD60-BE40E27D2823}.Debug|Any CPU.Build.0 = Debug|Any CPU
		{638B5E20-C85F-4C45-BD60-BE40E27D2823}.Release|Any CPU.ActiveCfg = Release|Any CPU
		{638B5E20-C85F-4C45-BD60-BE40E27D2823}.Release|Any CPU.Build.0 = Release|Any CPU
		{79A2B613-ACB1-406D-9F50-039C6DC527E4}.Debug|Any CPU.ActiveCfg = Debug|Any CPU
		{79A2B613-ACB1-406D-9F50-039C6DC527E4}.Debug|Any CPU.Build.0 = Debug|Any CPU
		{79A2B613-ACB1-406D-9F50-039C6DC527E4}.Release|Any CPU.ActiveCfg = Release|Any CPU
		{79A2B613-ACB1-406D-9F50-039C6DC527E4}.Release|Any CPU.Build.0 = Release|Any CPU
	EndGlobalSection
EndGlobal
